{
	"name": "@carco/utils",
	"version": "0.0.5-alpha.0",
	"lockfileVersion": 1,
	"requires": true,
	"dependencies": {
		"loadsh": {
			"version": "0.0.4",
			"resolved": "http://registry.m.jd.com/loadsh/download/loadsh-0.0.4.tgz",
			"integrity": "sha1-UxS6vRK7EzFd3gJKTKcHWMVInS0="
		},
		"lru-cache": {
			"version": "6.0.0",
			"resolved": "http://registry.m.jd.com/lru-cache/download/lru-cache-6.0.0.tgz",
			"integrity": "sha1-bW/mVw69lqr5D8rR2vo7JWbbOpQ=",
			"requires": {
				"yallist": "^4.0.0"
			}
		},
		"semver": {
			"version": "7.3.5",
			"resolved": "http://registry.m.jd.com/semver/download/semver-7.3.5.tgz",
			"integrity": "sha1-C2Ich5NI2JmOSw5L6Us/EuYBjvc=",
			"requires": {
				"lru-cache": "^6.0.0"
			}
		},
		"yallist": {
			"version": "4.0.0",
			"resolved": "http://registry.m.jd.com/yallist/download/yallist-4.0.0.tgz",
			"integrity": "sha1-m7knkNnA7/7GO+c1GeEaNQGaOnI="
		}
	}
}
